
Microsoft Visual Studio Solution File, Format Version 12.00
# Visual Studio 14
VisualStudioVersion = 14.0.24720.0
MinimumVisualStudioVersion = 10.0.40219.1
Project("{FAE04EC0-301F-11D3-BF4B-00C04F79EFBC}") = "[EPAM]NoteSaver.PL.Console", "[EPAM]NoteSaver.PL.Console\[EPAM]NoteSaver.PL.Console.csproj", "{71BD1A05-A948-44A8-B727-F40A618AAA8F}"
EndProject
Project("{2150E333-8FDC-42A3-9474-1A3956D46DE8}") = "PL", "PL", "{D9A4E959-C87F-432E-B3B4-82A81C01BAF8}"
EndProject
Project("{2150E333-8FDC-42A3-9474-1A3956D46DE8}") = "BLL", "BLL", "{F9E583B9-C2C6-419B-9706-C70415B712F0}"
EndProject
Project("{2150E333-8FDC-42A3-9474-1A3956D46DE8}") = "DAL", "DAL", "{CDC34D6B-6D17-48ED-B9E6-59574935D070}"
EndProject
Project("{2150E333-8FDC-42A3-9474-1A3956D46DE8}") = "Entites", "Entites", "{B719C200-31DE-48DE-BCDA-CC76B84B8349}"
EndProject
Project("{2150E333-8FDC-42A3-9474-1A3956D46DE8}") = "Interfaceses", "Interfaceses", "{F00D3155-E674-4162-8474-0F4CF74C4991}"
EndProject
Project("{FAE04EC0-301F-11D3-BF4B-00C04F79EFBC}") = "[EPAM]DALCollection", "[EPAM]NoteSaver.DAL.Collection\[EPAM]DALCollection.csproj", "{6667A219-0DAF-4DC8-AEBE-F3FAA68E8B18}"
EndProject
Project("{FAE04EC0-301F-11D3-BF4B-00C04F79EFBC}") = "[EPAM].Entites", "[EPAM]NoteSaver.Entites\[EPAM].Entites.csproj", "{14FEB26E-10BB-476B-9CA7-FA310766E70F}"
EndProject
Project("{FAE04EC0-301F-11D3-BF4B-00C04F79EFBC}") = "[EPAM]Interfases.DAL", "[EPAM]NoteSaver.Interfases.DAL\[EPAM]Interfases.DAL.csproj", "{C761E15B-902C-4B8E-ACF8-4229CD734C32}"
EndProject
Project("{FAE04EC0-301F-11D3-BF4B-00C04F79EFBC}") = "Logger", "Logger\Logger.csproj", "{187860E2-55FD-4FDD-ACF6-4B8C35508D00}"
EndProject
Project("{FAE04EC0-301F-11D3-BF4B-00C04F79EFBC}") = "[EPAM]DALFile", "[EPAM]Award.DAL\[EPAM]DALFile.csproj", "{106FC939-1526-48BF-913C-3167E137528E}"
EndProject
Project("{FAE04EC0-301F-11D3-BF4B-00C04F79EFBC}") = "[EPAM]Intefases.BLL", "[EPAM]Award.Intefases.BLL\[EPAM]Intefases.BLL.csproj", "{BFD8472C-60F3-48CD-939E-75F9B2702DDD}"
EndProject
Project("{FAE04EC0-301F-11D3-BF4B-00C04F79EFBC}") = "[EPAM]BLL", "[EPAM]Award.BLL\[EPAM]BLL.csproj", "{A3D7EF84-1ACD-416C-9926-387C12B3020B}"
EndProject
Project("{FAE04EC0-301F-11D3-BF4B-00C04F79EFBC}") = "Web", "Web\Web.csproj", "{BDF54DFD-2830-4423-A5F7-E008837A9D2C}"
EndProject
Project("{FAE04EC0-301F-11D3-BF4B-00C04F79EFBC}") = "[EPAM]DALDATABASE", "[EPAM]DALDATABASE\[EPAM]DALDATABASE.csproj", "{27EF9110-A529-4247-9443-4C9E5E39DE20}"
EndProject
Global
	GlobalSection(SolutionConfigurationPlatforms) = preSolution
		Debug|Any CPU = Debug|Any CPU
		Release|Any CPU = Release|Any CPU
	EndGlobalSection
	GlobalSection(ProjectConfigurationPlatforms) = postSolution
		{71BD1A05-A948-44A8-B727-F40A618AAA8F}.Debug|Any CPU.ActiveCfg = Debug|Any CPU
		{71BD1A05-A948-44A8-B727-F40A618AAA8F}.Debug|Any CPU.Build.0 = Debug|Any CPU
		{71BD1A05-A948-44A8-B727-F40A618AAA8F}.Release|Any CPU.ActiveCfg = Release|Any CPU
		{71BD1A05-A948-44A8-B727-F40A618AAA8F}.Release|Any CPU.Build.0 = Release|Any CPU
		{6667A219-0DAF-4DC8-AEBE-F3FAA68E8B18}.Debug|Any CPU.ActiveCfg = Debug|Any CPU
		{6667A219-0DAF-4DC8-AEBE-F3FAA68E8B18}.Debug|Any CPU.Build.0 = Debug|Any CPU
		{6667A219-0DAF-4DC8-AEBE-F3FAA68E8B18}.Release|Any CPU.ActiveCfg = Release|Any CPU
		{6667A219-0DAF-4DC8-AEBE-F3FAA68E8B18}.Release|Any CPU.Build.0 = Release|Any CPU
		{14FEB26E-10BB-476B-9CA7-FA310766E70F}.Debug|Any CPU.ActiveCfg = Debug|Any CPU
		{14FEB26E-10BB-476B-9CA7-FA310766E70F}.Debug|Any CPU.Build.0 = Debug|Any CPU
		{14FEB26E-10BB-476B-9CA7-FA310766E70F}.Release|Any CPU.ActiveCfg = Release|Any CPU
		{14FEB26E-10BB-476B-9CA7-FA310766E70F}.Release|Any CPU.Build.0 = Release|Any CPU
		{C761E15B-902C-4B8E-ACF8-4229CD734C32}.Debug|Any CPU.ActiveCfg = Debug|Any CPU
		{C761E15B-902C-4B8E-ACF8-4229CD734C32}.Debug|Any CPU.Build.0 = Debug|Any CPU
		{C761E15B-902C-4B8E-ACF8-4229CD734C32}.Release|Any CPU.ActiveCfg = Release|Any CPU
		{C761E15B-902C-4B8E-ACF8-4229CD734C32}.Release|Any CPU.Build.0 = Release|Any CPU
		{187860E2-55FD-4FDD-ACF6-4B8C35508D00}.Debug|Any CPU.ActiveCfg = Debug|Any CPU
		{187860E2-55FD-4FDD-ACF6-4B8C35508D00}.Debug|Any CPU.Build.0 = Debug|Any CPU
		{187860E2-55FD-4FDD-ACF6-4B8C35508D00}.Release|Any CPU.ActiveCfg = Release|Any CPU
		{187860E2-55FD-4FDD-ACF6-4B8C35508D00}.Release|Any CPU.Build.0 = Release|Any CPU
		{106FC939-1526-48BF-913C-3167E137528E}.Debug|Any CPU.ActiveCfg = Debug|Any CPU
		{106FC939-1526-48BF-913C-3167E137528E}.Debug|Any CPU.Build.0 = Debug|Any CPU
		{106FC939-1526-48BF-913C-3167E137528E}.Release|Any CPU.ActiveCfg = Release|Any CPU
		{106FC939-1526-48BF-913C-3167E137528E}.Release|Any CPU.Build.0 = Release|Any CPU
		{BFD8472C-60F3-48CD-939E-75F9B2702DDD}.Debug|Any CPU.ActiveCfg = Debug|Any CPU
		{BFD8472C-60F3-48CD-939E-75F9B2702DDD}.Debug|Any CPU.Build.0 = Debug|Any CPU
		{BFD8472C-60F3-48CD-939E-75F9B2702DDD}.Release|Any CPU.ActiveCfg = Release|Any CPU
		{BFD8472C-60F3-48CD-939E-75F9B2702DDD}.Release|Any CPU.Build.0 = Release|Any CPU
		{A3D7EF84-1ACD-416C-9926-387C12B3020B}.Debug|Any CPU.ActiveCfg = Debug|Any CPU
		{A3D7EF84-1ACD-416C-9926-387C12B3020B}.Debug|Any CPU.Build.0 = Debug|Any CPU
		{A3D7EF84-1ACD-416C-9926-387C12B3020B}.Release|Any CPU.ActiveCfg = Release|Any CPU
		{A3D7EF84-1ACD-416C-9926-387C12B3020B}.Release|Any CPU.Build.0 = Release|Any CPU
		{BDF54DFD-2830-4423-A5F7-E008837A9D2C}.Debug|Any CPU.ActiveCfg = Debug|Any CPU
		{BDF54DFD-2830-4423-A5F7-E008837A9D2C}.Debug|Any CPU.Build.0 = Debug|Any CPU
		{BDF54DFD-2830-4423-A5F7-E008837A9D2C}.Release|Any CPU.ActiveCfg = Release|Any CPU
		{BDF54DFD-2830-4423-A5F7-E008837A9D2C}.Release|Any CPU.Build.0 = Release|Any CPU
		{27EF9110-A529-4247-9443-4C9E5E39DE20}.Debug|Any CPU.ActiveCfg = Debug|Any CPU
		{27EF9110-A529-4247-9443-4C9E5E39DE20}.Debug|Any CPU.Build.0 = Debug|Any CPU
		{27EF9110-A529-4247-9443-4C9E5E39DE20}.Release|Any CPU.ActiveCfg = Release|Any CPU
		{27EF9110-A529-4247-9443-4C9E5E39DE20}.Release|Any CPU.Build.0 = Release|Any CPU
	EndGlobalSection
	GlobalSection(SolutionProperties) = preSolution
		HideSolutionNode = FALSE
	EndGlobalSection
	GlobalSection(NestedProjects) = preSolution
		{71BD1A05-A948-44A8-B727-F40A618AAA8F} = {D9A4E959-C87F-432E-B3B4-82A81C01BAF8}
		{6667A219-0DAF-4DC8-AEBE-F3FAA68E8B18} = {CDC34D6B-6D17-48ED-B9E6-59574935D070}
		{14FEB26E-10BB-476B-9CA7-FA310766E70F} = {B719C200-31DE-48DE-BCDA-CC76B84B8349}
		{C761E15B-902C-4B8E-ACF8-4229CD734C32} = {F00D3155-E674-4162-8474-0F4CF74C4991}
		{106FC939-1526-48BF-913C-3167E137528E} = {CDC34D6B-6D17-48ED-B9E6-59574935D070}
		{BFD8472C-60F3-48CD-939E-75F9B2702DDD} = {F00D3155-E674-4162-8474-0F4CF74C4991}
		{A3D7EF84-1ACD-416C-9926-387C12B3020B} = {F9E583B9-C2C6-419B-9706-C70415B712F0}
		{BDF54DFD-2830-4423-A5F7-E008837A9D2C} = {D9A4E959-C87F-432E-B3B4-82A81C01BAF8}
		{27EF9110-A529-4247-9443-4C9E5E39DE20} = {CDC34D6B-6D17-48ED-B9E6-59574935D070}
	EndGlobalSection
EndGlobal
